// !$*UTF8*$!
{
	archiveVersion = 1;
	classes = {
	};
	objectVersion = 52;
	objects = {

/* Begin PBXBuildFile section */
		0DB3AF52CC57FD4A8AFAACFD /* Pods_Codepath_Restaurants.framework in Frameworks */ = {isa = PBXBuildFile; fileRef = 816672C2CB46B80820FE5A79 /* Pods_Codepath_Restaurants.framework */; };
		71E9E53626EC075900780B0A /* AppDelegate.swift in Sources */ = {isa = PBXBuildFile; fileRef = 71E9E53526EC075900780B0A /* AppDelegate.swift */; };
		71E9E53826EC075900780B0A /* SceneDelegate.swift in Sources */ = {isa = PBXBuildFile; fileRef = 71E9E53726EC075900780B0A /* SceneDelegate.swift */; };
		71E9E53D26EC075A00780B0A /* Main.storyboard in Resources */ = {isa = PBXBuildFile; fileRef = 71E9E53B26EC075A00780B0A /* Main.storyboard */; };
		71E9E53F26EC075D00780B0A /* Assets.xcassets in Resources */ = {isa = PBXBuildFile; fileRef = 71E9E53E26EC075D00780B0A /* Assets.xcassets */; };
		71E9E54226EC075D00780B0A /* LaunchScreen.storyboard in Resources */ = {isa = PBXBuildFile; fileRef = 71E9E54026EC075D00780B0A /* LaunchScreen.storyboard */; };
		71E9E54D26EC075D00780B0A /* Codepath_RestaurantsTests.swift in Sources */ = {isa = PBXBuildFile; fileRef = 71E9E54C26EC075D00780B0A /* Codepath_RestaurantsTests.swift */; };
		71E9E55826EC075D00780B0A /* Codepath_RestaurantsUITests.swift in Sources */ = {isa = PBXBuildFile; fileRef = 71E9E55726EC075D00780B0A /* Codepath_RestaurantsUITests.swift */; };
		71E9E56826EC128300780B0A /* MoviesViewController.swift in Sources */ = {isa = PBXBuildFile; fileRef = 71E9E56726EC128300780B0A /* MoviesViewController.swift */; };
		71E9E56E26EC3A0B00780B0A /* MovieCell.swift in Sources */ = {isa = PBXBuildFile; fileRef = 71E9E56D26EC3A0B00780B0A /* MovieCell.swift */; };
		71E9E57126EC3F7200780B0A /* AlamofireImage in Frameworks */ = {isa = PBXBuildFile; productRef = 71E9E57026EC3F7200780B0A /* AlamofireImage */; };
		71E9E57326F2D81500780B0A /* MovieDetailsViewController.swift in Sources */ = {isa = PBXBuildFile; fileRef = 71E9E57226F2D81500780B0A /* MovieDetailsViewController.swift */; };
		71E9E57726F2EB0D00780B0A /* MovieGridViewController.swift in Sources */ = {isa = PBXBuildFile; fileRef = 71E9E57626F2EB0D00780B0A /* MovieGridViewController.swift */; };
		71E9E57926F2F05300780B0A /* MovieGridCell.swift in Sources */ = {isa = PBXBuildFile; fileRef = 71E9E57826F2F05300780B0A /* MovieGridCell.swift */; };
		E03EDF552E78A66B175C69D3 /* Pods_Codepath_RestaurantsTests.framework in Frameworks */ = {isa = PBXBuildFile; fileRef = 3A8C147D80B5A5C7D8B976EB /* Pods_Codepath_RestaurantsTests.framework */; };
		FA65B5ACFF3E5C3D0FCC4D12 /* Pods_Codepath_Restaurants_Codepath_RestaurantsUITests.framework in Frameworks */ = {isa = PBXBuildFile; fileRef = 690CF9340B860D3ADE166432 /* Pods_Codepath_Restaurants_Codepath_RestaurantsUITests.framework */; };
/* End PBXBuildFile section */

/* Begin PBXContainerItemProxy section */
		71E9E54926EC075D00780B0A /* PBXContainerItemProxy */ = {
			isa = PBXContainerItemProxy;
			containerPortal = 71E9E52A26EC075900780B0A /* Project object */;
			proxyType = 1;
			remoteGlobalIDString = 71E9E53126EC075900780B0A;
			remoteInfo = "Codepath-Restaurants";
		};
		71E9E55426EC075D00780B0A /* PBXContainerItemProxy */ = {
			isa = PBXContainerItemProxy;
			containerPortal = 71E9E52A26EC075900780B0A /* Project object */;
			proxyType = 1;
			remoteGlobalIDString = 71E9E53126EC075900780B0A;
			remoteInfo = "Codepath-Restaurants";
		};
/* End PBXContainerItemProxy section */

/* Begin PBXFileReference section */
		1CDA74252EE4C30F80F84BCD /* Pods-Codepath-RestaurantsTests.release.xcconfig */ = {isa = PBXFileReference; includeInIndex = 1; lastKnownFileType = text.xcconfig; name = "Pods-Codepath-RestaurantsTests.release.xcconfig"; path = "Target Support Files/Pods-Codepath-RestaurantsTests/Pods-Codepath-RestaurantsTests.release.xcconfig"; sourceTree = "<group>"; };
		3A8C147D80B5A5C7D8B976EB /* Pods_Codepath_RestaurantsTests.framework */ = {isa = PBXFileReference; explicitFileType = wrapper.framework; includeInIndex = 0; path = Pods_Codepath_RestaurantsTests.framework; sourceTree = BUILT_PRODUCTS_DIR; };
		690CF9340B860D3ADE166432 /* Pods_Codepath_Restaurants_Codepath_RestaurantsUITests.framework */ = {isa = PBXFileReference; explicitFileType = wrapper.framework; includeInIndex = 0; path = Pods_Codepath_Restaurants_Codepath_RestaurantsUITests.framework; sourceTree = BUILT_PRODUCTS_DIR; };
		71E9E53226EC075900780B0A /* Codepath-Restaurants.app */ = {isa = PBXFileReference; explicitFileType = wrapper.application; includeInIndex = 0; path = "Codepath-Restaurants.app"; sourceTree = BUILT_PRODUCTS_DIR; };
		71E9E53526EC075900780B0A /* AppDelegate.swift */ = {isa = PBXFileReference; lastKnownFileType = sourcecode.swift; path = AppDelegate.swift; sourceTree = "<group>"; };
		71E9E53726EC075900780B0A /* SceneDelegate.swift */ = {isa = PBXFileReference; lastKnownFileType = sourcecode.swift; path = SceneDelegate.swift; sourceTree = "<group>"; };
		71E9E53C26EC075A00780B0A /* Base */ = {isa = PBXFileReference; lastKnownFileType = file.storyboard; name = Base; path = Base.lproj/Main.storyboard; sourceTree = "<group>"; };
		71E9E53E26EC075D00780B0A /* Assets.xcassets */ = {isa = PBXFileReference; lastKnownFileType = folder.assetcatalog; path = Assets.xcassets; sourceTree = "<group>"; };
		71E9E54126EC075D00780B0A /* Base */ = {isa = PBXFileReference; lastKnownFileType = file.storyboard; name = Base; path = Base.lproj/LaunchScreen.storyboard; sourceTree = "<group>"; };
		71E9E54326EC075D00780B0A /* Info.plist */ = {isa = PBXFileReference; lastKnownFileType = text.plist.xml; path = Info.plist; sourceTree = "<group>"; };
		71E9E54826EC075D00780B0A /* Codepath-RestaurantsTests.xctest */ = {isa = PBXFileReference; explicitFileType = wrapper.cfbundle; includeInIndex = 0; path = "Codepath-RestaurantsTests.xctest"; sourceTree = BUILT_PRODUCTS_DIR; };
		71E9E54C26EC075D00780B0A /* Codepath_RestaurantsTests.swift */ = {isa = PBXFileReference; lastKnownFileType = sourcecode.swift; path = Codepath_RestaurantsTests.swift; sourceTree = "<group>"; };
		71E9E54E26EC075D00780B0A /* Info.plist */ = {isa = PBXFileReference; lastKnownFileType = text.plist.xml; path = Info.plist; sourceTree = "<group>"; };
		71E9E55326EC075D00780B0A /* Codepath-RestaurantsUITests.xctest */ = {isa = PBXFileReference; explicitFileType = wrapper.cfbundle; includeInIndex = 0; path = "Codepath-RestaurantsUITests.xctest"; sourceTree = BUILT_PRODUCTS_DIR; };
		71E9E55726EC075D00780B0A /* Codepath_RestaurantsUITests.swift */ = {isa = PBXFileReference; lastKnownFileType = sourcecode.swift; path = Codepath_RestaurantsUITests.swift; sourceTree = "<group>"; };
		71E9E55926EC075D00780B0A /* Info.plist */ = {isa = PBXFileReference; lastKnownFileType = text.plist.xml; path = Info.plist; sourceTree = "<group>"; };
		71E9E56726EC128300780B0A /* MoviesViewController.swift */ = {isa = PBXFileReference; lastKnownFileType = sourcecode.swift; path = MoviesViewController.swift; sourceTree = "<group>"; };
		71E9E56D26EC3A0B00780B0A /* MovieCell.swift */ = {isa = PBXFileReference; lastKnownFileType = sourcecode.swift; path = MovieCell.swift; sourceTree = "<group>"; };
		71E9E57226F2D81500780B0A /* MovieDetailsViewController.swift */ = {isa = PBXFileReference; lastKnownFileType = sourcecode.swift; path = MovieDetailsViewController.swift; sourceTree = "<group>"; };
		71E9E57626F2EB0D00780B0A /* MovieGridViewController.swift */ = {isa = PBXFileReference; lastKnownFileType = sourcecode.swift; path = MovieGridViewController.swift; sourceTree = "<group>"; };
		71E9E57826F2F05300780B0A /* MovieGridCell.swift */ = {isa = PBXFileReference; lastKnownFileType = sourcecode.swift; path = MovieGridCell.swift; sourceTree = "<group>"; };
		816672C2CB46B80820FE5A79 /* Pods_Codepath_Restaurants.framework */ = {isa = PBXFileReference; explicitFileType = wrapper.framework; includeInIndex = 0; path = Pods_Codepath_Restaurants.framework; sourceTree = BUILT_PRODUCTS_DIR; };
		A3C798019B6370CC99F83E7F /* Pods-Codepath-RestaurantsTests.debug.xcconfig */ = {isa = PBXFileReference; includeInIndex = 1; lastKnownFileType = text.xcconfig; name = "Pods-Codepath-RestaurantsTests.debug.xcconfig"; path = "Target Support Files/Pods-Codepath-RestaurantsTests/Pods-Codepath-RestaurantsTests.debug.xcconfig"; sourceTree = "<group>"; };
		C17F041A86A6EECE78CCEABD /* Pods-Codepath-Restaurants.debug.xcconfig */ = {isa = PBXFileReference; includeInIndex = 1; lastKnownFileType = text.xcconfig; name = "Pods-Codepath-Restaurants.debug.xcconfig"; path = "Target Support Files/Pods-Codepath-Restaurants/Pods-Codepath-Restaurants.debug.xcconfig"; sourceTree = "<group>"; };
		E7284D33187149874E216E1A /* Pods-Codepath-Restaurants-Codepath-RestaurantsUITests.debug.xcconfig */ = {isa = PBXFileReference; includeInIndex = 1; lastKnownFileType = text.xcconfig; name = "Pods-Codepath-Restaurants-Codepath-RestaurantsUITests.debug.xcconfig"; path = "Target Support Files/Pods-Codepath-Restaurants-Codepath-RestaurantsUITests/Pods-Codepath-Restaurants-Codepath-RestaurantsUITests.debug.xcconfig"; sourceTree = "<group>"; };
		E8B331ABA826F97043F4B147 /* Pods-Codepath-Restaurants-Codepath-RestaurantsUITests.release.xcconfig */ = {isa = PBXFileReference; includeInIndex = 1; lastKnownFileType = text.xcconfig; name = "Pods-Codepath-Restaurants-Codepath-RestaurantsUITests.release.xcconfig"; path = "Target Support Files/Pods-Codepath-Restaurants-Codepath-RestaurantsUITests/Pods-Codepath-Restaurants-Codepath-RestaurantsUITests.release.xcconfig"; sourceTree = "<group>"; };
		F00AD6A24B5DCFD3F8EDF671 /* Pods-Codepath-Restaurants.release.xcconfig */ = {isa = PBXFileReference; includeInIndex = 1; lastKnownFileType = text.xcconfig; name = "Pods-Codepath-Restaurants.release.xcconfig"; path = "Target Support Files/Pods-Codepath-Restaurants/Pods-Codepath-Restaurants.release.xcconfig"; sourceTree = "<group>"; };
/* End PBXFileReference section */

/* Begin PBXFrameworksBuildPhase section */
		71E9E52F26EC075900780B0A /* Frameworks */ = {
			isa = PBXFrameworksBuildPhase;
			buildActionMask = 2147483647;
			files = (
				71E9E57126EC3F7200780B0A /* AlamofireImage in Frameworks */,
				0DB3AF52CC57FD4A8AFAACFD /* Pods_Codepath_Restaurants.framework in Frameworks */,
			);
			runOnlyForDeploymentPostprocessing = 0;
		};
		71E9E54526EC075D00780B0A /* Frameworks */ = {
			isa = PBXFrameworksBuildPhase;
			buildActionMask = 2147483647;
			files = (
				E03EDF552E78A66B175C69D3 /* Pods_Codepath_RestaurantsTests.framework in Frameworks */,
			);
			runOnlyForDeploymentPostprocessing = 0;
		};
		71E9E55026EC075D00780B0A /* Frameworks */ = {
			isa = PBXFrameworksBuildPhase;
			buildActionMask = 2147483647;
			files = (
				FA65B5ACFF3E5C3D0FCC4D12 /* Pods_Codepath_Restaurants_Codepath_RestaurantsUITests.framework in Frameworks */,
			);
			runOnlyForDeploymentPostprocessing = 0;
		};
/* End PBXFrameworksBuildPhase section */

/* Begin PBXGroup section */
		71E9E52926EC075900780B0A = {
			isa = PBXGroup;
			children = (
				71E9E53426EC075900780B0A /* Codepath-Restaurants */,
				71E9E54B26EC075D00780B0A /* Codepath-RestaurantsTests */,
				71E9E55626EC075D00780B0A /* Codepath-RestaurantsUITests */,
				71E9E53326EC075900780B0A /* Products */,
				981ACFD899831DB385CA7203 /* Pods */,
				DAE42BE1E6C0021F1CF01CA1 /* Frameworks */,
			);
			sourceTree = "<group>";
		};
		71E9E53326EC075900780B0A /* Products */ = {
			isa = PBXGroup;
			children = (
				71E9E53226EC075900780B0A /* Codepath-Restaurants.app */,
				71E9E54826EC075D00780B0A /* Codepath-RestaurantsTests.xctest */,
				71E9E55326EC075D00780B0A /* Codepath-RestaurantsUITests.xctest */,
			);
			name = Products;
			sourceTree = "<group>";
		};
		71E9E53426EC075900780B0A /* Codepath-Restaurants */ = {
			isa = PBXGroup;
			children = (
				71E9E53526EC075900780B0A /* AppDelegate.swift */,
				71E9E53726EC075900780B0A /* SceneDelegate.swift */,
				71E9E53B26EC075A00780B0A /* Main.storyboard */,
				71E9E57826F2F05300780B0A /* MovieGridCell.swift */,
				71E9E57626F2EB0D00780B0A /* MovieGridViewController.swift */,
				71E9E53E26EC075D00780B0A /* Assets.xcassets */,
				71E9E54026EC075D00780B0A /* LaunchScreen.storyboard */,
				71E9E54326EC075D00780B0A /* Info.plist */,
				71E9E56726EC128300780B0A /* MoviesViewController.swift */,
				71E9E57226F2D81500780B0A /* MovieDetailsViewController.swift */,
				71E9E56D26EC3A0B00780B0A /* MovieCell.swift */,
			);
			path = "Codepath-Restaurants";
			sourceTree = "<group>";
		};
		71E9E54B26EC075D00780B0A /* Codepath-RestaurantsTests */ = {
			isa = PBXGroup;
			children = (
				71E9E54C26EC075D00780B0A /* Codepath_RestaurantsTests.swift */,
				71E9E54E26EC075D00780B0A /* Info.plist */,
			);
			path = "Codepath-RestaurantsTests";
			sourceTree = "<group>";
		};
		71E9E55626EC075D00780B0A /* Codepath-RestaurantsUITests */ = {
			isa = PBXGroup;
			children = (
				71E9E55726EC075D00780B0A /* Codepath_RestaurantsUITests.swift */,
				71E9E55926EC075D00780B0A /* Info.plist */,
			);
			path = "Codepath-RestaurantsUITests";
			sourceTree = "<group>";
		};
		981ACFD899831DB385CA7203 /* Pods */ = {
			isa = PBXGroup;
			children = (
				C17F041A86A6EECE78CCEABD /* Pods-Codepath-Restaurants.debug.xcconfig */,
				F00AD6A24B5DCFD3F8EDF671 /* Pods-Codepath-Restaurants.release.xcconfig */,
				E7284D33187149874E216E1A /* Pods-Codepath-Restaurants-Codepath-RestaurantsUITests.debug.xcconfig */,
				E8B331ABA826F97043F4B147 /* Pods-Codepath-Restaurants-Codepath-RestaurantsUITests.release.xcconfig */,
				A3C798019B6370CC99F83E7F /* Pods-Codepath-RestaurantsTests.debug.xcconfig */,
				1CDA74252EE4C30F80F84BCD /* Pods-Codepath-RestaurantsTests.release.xcconfig */,
			);
			path = Pods;
			sourceTree = "<group>";
		};
		DAE42BE1E6C0021F1CF01CA1 /* Frameworks */ = {
			isa = PBXGroup;
			children = (
				816672C2CB46B80820FE5A79 /* Pods_Codepath_Restaurants.framework */,
				690CF9340B860D3ADE166432 /* Pods_Codepath_Restaurants_Codepath_RestaurantsUITests.framework */,
				3A8C147D80B5A5C7D8B976EB /* Pods_Codepath_RestaurantsTests.framework */,
			);
			name = Frameworks;
			sourceTree = "<group>";
		};
/* End PBXGroup section */

/* Begin PBXNativeTarget section */
		71E9E53126EC075900780B0A /* Codepath-Restaurants */ = {
			isa = PBXNativeTarget;
			buildConfigurationList = 71E9E55C26EC075D00780B0A /* Build configuration list for PBXNativeTarget "Codepath-Restaurants" */;
			buildPhases = (
				8B7E91C8D24F7FE739D620C4 /* [CP] Check Pods Manifest.lock */,
				71E9E52E26EC075900780B0A /* Sources */,
				71E9E52F26EC075900780B0A /* Frameworks */,
				71E9E53026EC075900780B0A /* Resources */,
				A53490D28958E1F71D1A1FAE /* [CP] Embed Pods Frameworks */,
			);
			buildRules = (
			);
			dependencies = (
			);
			name = "Codepath-Restaurants";
			packageProductDependencies = (
				71E9E57026EC3F7200780B0A /* AlamofireImage */,
			);
			productName = "Codepath-Restaurants";
			productReference = 71E9E53226EC075900780B0A /* Codepath-Restaurants.app */;
			productType = "com.apple.product-type.application";
		};
		71E9E54726EC075D00780B0A /* Codepath-RestaurantsTests */ = {
			isa = PBXNativeTarget;
			buildConfigurationList = 71E9E55F26EC075D00780B0A /* Build configuration list for PBXNativeTarget "Codepath-RestaurantsTests" */;
			buildPhases = (
				2588AD02ECA359510E9E6FA4 /* [CP] Check Pods Manifest.lock */,
				71E9E54426EC075D00780B0A /* Sources */,
				71E9E54526EC075D00780B0A /* Frameworks */,
				71E9E54626EC075D00780B0A /* Resources */,
			);
			buildRules = (
			);
			dependencies = (
				71E9E54A26EC075D00780B0A /* PBXTargetDependency */,
			);
			name = "Codepath-RestaurantsTests";
			productName = "Codepath-RestaurantsTests";
			productReference = 71E9E54826EC075D00780B0A /* Codepath-RestaurantsTests.xctest */;
			productType = "com.apple.product-type.bundle.unit-test";
		};
		71E9E55226EC075D00780B0A /* Codepath-RestaurantsUITests */ = {
			isa = PBXNativeTarget;
			buildConfigurationList = 71E9E56226EC075D00780B0A /* Build configuration list for PBXNativeTarget "Codepath-RestaurantsUITests" */;
			buildPhases = (
				0BBF029BC6D4E2F75ADA59B6 /* [CP] Check Pods Manifest.lock */,
				71E9E54F26EC075D00780B0A /* Sources */,
				71E9E55026EC075D00780B0A /* Frameworks */,
				71E9E55126EC075D00780B0A /* Resources */,
				8E3CF0352C472B231A6716C1 /* [CP] Embed Pods Frameworks */,
			);
			buildRules = (
			);
			dependencies = (
				71E9E55526EC075D00780B0A /* PBXTargetDependency */,
			);
			name = "Codepath-RestaurantsUITests";
			productName = "Codepath-RestaurantsUITests";
			productReference = 71E9E55326EC075D00780B0A /* Codepath-RestaurantsUITests.xctest */;
			productType = "com.apple.product-type.bundle.ui-testing";
		};
/* End PBXNativeTarget section */

/* Begin PBXProject section */
		71E9E52A26EC075900780B0A /* Project object */ = {
			isa = PBXProject;
			attributes = {
				LastSwiftUpdateCheck = 1130;
				LastUpgradeCheck = 1130;
				ORGANIZATIONNAME = "Alejandro Miranda";
				TargetAttributes = {
					71E9E53126EC075900780B0A = {
						CreatedOnToolsVersion = 11.3;
					};
					71E9E54726EC075D00780B0A = {
						CreatedOnToolsVersion = 11.3;
						TestTargetID = 71E9E53126EC075900780B0A;
					};
					71E9E55226EC075D00780B0A = {
						CreatedOnToolsVersion = 11.3;
						TestTargetID = 71E9E53126EC075900780B0A;
					};
				};
			};
			buildConfigurationList = 71E9E52D26EC075900780B0A /* Build configuration list for PBXProject "Codepath-Restaurants" */;
			compatibilityVersion = "Xcode 9.3";
			developmentRegion = en;
			hasScannedForEncodings = 0;
			knownRegions = (
				en,
				Base,
			);
			mainGroup = 71E9E52926EC075900780B0A;
			packageReferences = (
				71E9E56F26EC3F7200780B0A /* XCRemoteSwiftPackageReference "AlamofireImage" */,
			);
			productRefGroup = 71E9E53326EC075900780B0A /* Products */;
			projectDirPath = "";
			projectRoot = "";
			targets = (
				71E9E53126EC075900780B0A /* Codepath-Restaurants */,
				71E9E54726EC075D00780B0A /* Codepath-RestaurantsTests */,
				71E9E55226EC075D00780B0A /* Codepath-RestaurantsUITests */,
			);
		};
/* End PBXProject section */

/* Begin PBXResourcesBuildPhase section */
		71E9E53026EC075900780B0A /* Resources */ = {
			isa = PBXResourcesBuildPhase;
			buildActionMask = 2147483647;
			files = (
				71E9E54226EC075D00780B0A /* LaunchScreen.storyboard in Resources */,
				71E9E53F26EC075D00780B0A /* Assets.xcassets in Resources */,
				71E9E53D26EC075A00780B0A /* Main.storyboard in Resources */,
			);
			runOnlyForDeploymentPostprocessing = 0;
		};
		71E9E54626EC075D00780B0A /* Resources */ = {
			isa = PBXResourcesBuildPhase;
			buildActionMask = 2147483647;
			files = (
			);
			runOnlyForDeploymentPostprocessing = 0;
		};
		71E9E55126EC075D00780B0A /* Resources */ = {
			isa = PBXResourcesBuildPhase;
			buildActionMask = 2147483647;
			files = (
			);
			runOnlyForDeploymentPostprocessing = 0;
		};
/* End PBXResourcesBuildPhase section */

/* Begin PBXShellScriptBuildPhase section */
		0BBF029BC6D4E2F75ADA59B6 /* [CP] Check Pods Manifest.lock */ = {
			isa = PBXShellScriptBuildPhase;
			buildActionMask = 2147483647;
			files = (
			);
			inputFileListPaths = (
			);
			inputPaths = (
				"${PODS_PODFILE_DIR_PATH}/Podfile.lock",
				"${PODS_ROOT}/Manifest.lock",
			);
			name = "[CP] Check Pods Manifest.lock";
			outputFileListPaths = (
			);
			outputPaths = (
				"$(DERIVED_FILE_DIR)/Pods-Codepath-Restaurants-Codepath-RestaurantsUITests-checkManifestLockResult.txt",
			);
			runOnlyForDeploymentPostprocessing = 0;
			shellPath = /bin/sh;
			shellScript = "diff \"${PODS_PODFILE_DIR_PATH}/Podfile.lock\" \"${PODS_ROOT}/Manifest.lock\" > /dev/null\nif [ $? != 0 ] ; then\n    # print error to STDERR\n    echo \"error: The sandbox is not in sync with the Podfile.lock. Run 'pod install' or update your CocoaPods installation.\" >&2\n    exit 1\nfi\n# This output is used by Xcode 'outputs' to avoid re-running this script phase.\necho \"SUCCESS\" > \"${SCRIPT_OUTPUT_FILE_0}\"\n";
			showEnvVarsInLog = 0;
		};
		2588AD02ECA359510E9E6FA4 /* [CP] Check Pods Manifest.lock */ = {
			isa = PBXShellScriptBuildPhase;
			buildActionMask = 2147483647;
			files = (
			);
			inputFileListPaths = (
			);
			inputPaths = (
				"${PODS_PODFILE_DIR_PATH}/Podfile.lock",
				"${PODS_ROOT}/Manifest.lock",
			);
			name = "[CP] Check Pods Manifest.lock";
			outputFileListPaths = (
			);
			outputPaths = (
				"$(DERIVED_FILE_DIR)/Pods-Codepath-RestaurantsTests-checkManifestLockResult.txt",
			);
			runOnlyForDeploymentPostprocessing = 0;
			shellPath = /bin/sh;
			shellScript = "diff \"${PODS_PODFILE_DIR_PATH}/Podfile.lock\" \"${PODS_ROOT}/Manifest.lock\" > /dev/null\nif [ $? != 0 ] ; then\n    # print error to STDERR\n    echo \"error: The sandbox is not in sync with the Podfile.lock. Run 'pod install' or update your CocoaPods installation.\" >&2\n    exit 1\nfi\n# This output is used by Xcode 'outputs' to avoid re-running this script phase.\necho \"SUCCESS\" > \"${SCRIPT_OUTPUT_FILE_0}\"\n";
			showEnvVarsInLog = 0;
		};
		8B7E91C8D24F7FE739D620C4 /* [CP] Check Pods Manifest.lock */ = {
			isa = PBXShellScriptBuildPhase;
			buildActionMask = 2147483647;
			files = (
			);
			inputFileListPaths = (
			);
			inputPaths = (
				"${PODS_PODFILE_DIR_PATH}/Podfile.lock",
				"${PODS_ROOT}/Manifest.lock",
			);
			name = "[CP] Check Pods Manifest.lock";
			outputFileListPaths = (
			);
			outputPaths = (
				"$(DERIVED_FILE_DIR)/Pods-Codepath-Restaurants-checkManifestLockResult.txt",
			);
			runOnlyForDeploymentPostprocessing = 0;
			shellPath = /bin/sh;
			shellScript = "diff \"${PODS_PODFILE_DIR_PATH}/Podfile.lock\" \"${PODS_ROOT}/Manifest.lock\" > /dev/null\nif [ $? != 0 ] ; then\n    # print error to STDERR\n    echo \"error: The sandbox is not in sync with the Podfile.lock. Run 'pod install' or update your CocoaPods installation.\" >&2\n    exit 1\nfi\n# This output is used by Xcode 'outputs' to avoid re-running this script phase.\necho \"SUCCESS\" > \"${SCRIPT_OUTPUT_FILE_0}\"\n";
			showEnvVarsInLog = 0;
		};
		8E3CF0352C472B231A6716C1 /* [CP] Embed Pods Frameworks */ = {
			isa = PBXShellScriptBuildPhase;
			buildActionMask = 2147483647;
			files = (
			);
			inputFileListPaths = (
				"${PODS_ROOT}/Target Support Files/Pods-Codepath-Restaurants-Codepath-RestaurantsUITests/Pods-Codepath-Restaurants-Codepath-RestaurantsUITests-frameworks-${CONFIGURATION}-input-files.xcfilelist",
			);
			name = "[CP] Embed Pods Frameworks";
			outputFileListPaths = (
				"${PODS_ROOT}/Target Support Files/Pods-Codepath-Restaurants-Codepath-RestaurantsUITests/Pods-Codepath-Restaurants-Codepath-RestaurantsUITests-frameworks-${CONFIGURATION}-output-files.xcfilelist",
			);
			runOnlyForDeploymentPostprocessing = 0;
			shellPath = /bin/sh;
			shellScript = "\"${PODS_ROOT}/Target Support Files/Pods-Codepath-Restaurants-Codepath-RestaurantsUITests/Pods-Codepath-Restaurants-Codepath-RestaurantsUITests-frameworks.sh\"\n";
			showEnvVarsInLog = 0;
		};
		A53490D28958E1F71D1A1FAE /* [CP] Embed Pods Frameworks */ = {
			isa = PBXShellScriptBuildPhase;
			buildActionMask = 2147483647;
			files = (
			);
			inputFileListPaths = (
				"${PODS_ROOT}/Target Support Files/Pods-Codepath-Restaurants/Pods-Codepath-Restaurants-frameworks-${CONFIGURATION}-input-files.xcfilelist",
			);
			name = "[CP] Embed Pods Frameworks";
			outputFileListPaths = (
				"${PODS_ROOT}/Target Support Files/Pods-Codepath-Restaurants/Pods-Codepath-Restaurants-frameworks-${CONFIGURATION}-output-files.xcfilelist",
			);
			runOnlyForDeploymentPostprocessing = 0;
			shellPath = /bin/sh;
			shellScript = "\"${PODS_ROOT}/Target Support Files/Pods-Codepath-Restaurants/Pods-Codepath-Restaurants-frameworks.sh\"\n";
			showEnvVarsInLog = 0;
		};
/* End PBXShellScriptBuildPhase section */

/* Begin PBXSourcesBuildPhase section */
		71E9E52E26EC075900780B0A /* Sources */ = {
			isa = PBXSourcesBuildPhase;
			buildActionMask = 2147483647;
			files = (
				71E9E57326F2D81500780B0A /* MovieDetailsViewController.swift in Sources */,
				71E9E53626EC075900780B0A /* AppDelegate.swift in Sources */,
				71E9E53826EC075900780B0A /* SceneDelegate.swift in Sources */,
				71E9E56E26EC3A0B00780B0A /* MovieCell.swift in Sources */,
				71E9E56826EC128300780B0A /* MoviesViewController.swift in Sources */,
				71E9E57726F2EB0D00780B0A /* MovieGridViewController.swift in Sources */,
				71E9E57926F2F05300780B0A /* MovieGridCell.swift in Sources */,
			);
			runOnlyForDeploymentPostprocessing = 0;
		};
		71E9E54426EC075D00780B0A /* Sources */ = {
			isa = PBXSourcesBuildPhase;
			buildActionMask = 2147483647;
			files = (
				71E9E54D26EC075D00780B0A /* Codepath_RestaurantsTests.swift in Sources */,
			);
			runOnlyForDeploymentPostprocessing = 0;
		};
		71E9E54F26EC075D00780B0A /* Sources */ = {
			isa = PBXSourcesBuildPhase;
			buildActionMask = 2147483647;
			files = (
				71E9E55826EC075D00780B0A /* Codepath_RestaurantsUITests.swift in Sources */,
			);
			runOnlyForDeploymentPostprocessing = 0;
		};
/* End PBXSourcesBuildPhase section */

/* Begin PBXTargetDependency section */
		71E9E54A26EC075D00780B0A /* PBXTargetDependency */ = {
			isa = PBXTargetDependency;
			target = 71E9E53126EC075900780B0A /* Codepath-Restaurants */;
			targetProxy = 71E9E54926EC075D00780B0A /* PBXContainerItemProxy */;
		};
		71E9E55526EC075D00780B0A /* PBXTargetDependency */ = {
			isa = PBXTargetDependency;
			target = 71E9E53126EC075900780B0A /* Codepath-Restaurants */;
			targetProxy = 71E9E55426EC075D00780B0A /* PBXContainerItemProxy */;
		};
/* End PBXTargetDependency section */

/* Begin PBXVariantGroup section */
		71E9E53B26EC075A00780B0A /* Main.storyboard */ = {
			isa = PBXVariantGroup;
			children = (
				71E9E53C26EC075A00780B0A /* Base */,
			);
			name = Main.storyboard;
			sourceTree = "<group>";
		};
		71E9E54026EC075D00780B0A /* LaunchScreen.storyboard */ = {
			isa = PBXVariantGroup;
			children = (
				71E9E54126EC075D00780B0A /* Base */,
			);
			name = LaunchScreen.storyboard;
			sourceTree = "<group>";
		};
/* End PBXVariantGroup section */

/* Begin XCBuildConfiguration section */
		71E9E55A26EC075D00780B0A /* Debug */ = {
			isa = XCBuildConfiguration;
			buildSettings = {
				ALWAYS_SEARCH_USER_PATHS = NO;
				CLANG_ANALYZER_NONNULL = YES;
				CLANG_ANALYZER_NUMBER_OBJECT_CONVERSION = YES_AGGRESSIVE;
				CLANG_CXX_LANGUAGE_STANDARD = "gnu++14";
				CLANG_CXX_LIBRARY = "libc++";
				CLANG_ENABLE_MODULES = YES;
				CLANG_ENABLE_OBJC_ARC = YES;
				CLANG_ENABLE_OBJC_WEAK = YES;
				CLANG_WARN_BLOCK_CAPTURE_AUTORELEASING = YES;
				CLANG_WARN_BOOL_CONVERSION = YES;
				CLANG_WARN_COMMA = YES;
				CLANG_WARN_CONSTANT_CONVERSION = YES;
				CLANG_WARN_DEPRECATED_OBJC_IMPLEMENTATIONS = YES;
				CLANG_WARN_DIRECT_OBJC_ISA_USAGE = YES_ERROR;
				CLANG_WARN_DOCUMENTATION_COMMENTS = YES;
				CLANG_WARN_EMPTY_BODY = YES;
				CLANG_WARN_ENUM_CONVERSION = YES;
				CLANG_WARN_INFINITE_RECURSION = YES;
				CLANG_WARN_INT_CONVERSION = YES;
				CLANG_WARN_NON_LITERAL_NULL_CONVERSION = YES;
				CLANG_WARN_OBJC_IMPLICIT_RETAIN_SELF = YES;
				CLANG_WARN_OBJC_LITERAL_CONVERSION = YES;
				CLANG_WARN_OBJC_ROOT_CLASS = YES_ERROR;
				CLANG_WARN_RANGE_LOOP_ANALYSIS = YES;
				CLANG_WARN_STRICT_PROTOTYPES = YES;
				CLANG_WARN_SUSPICIOUS_MOVE = YES;
				CLANG_WARN_UNGUARDED_AVAILABILITY = YES_AGGRESSIVE;
				CLANG_WARN_UNREACHABLE_CODE = YES;
				CLANG_WARN__DUPLICATE_METHOD_MATCH = YES;
				COPY_PHASE_STRIP = NO;
				DEBUG_INFORMATION_FORMAT = dwarf;
				ENABLE_STRICT_OBJC_MSGSEND = YES;
				ENABLE_TESTABILITY = YES;
				GCC_C_LANGUAGE_STANDARD = gnu11;
				GCC_DYNAMIC_NO_PIC = NO;
				GCC_NO_COMMON_BLOCKS = YES;
				GCC_OPTIMIZATION_LEVEL = 0;
				GCC_PREPROCESSOR_DEFINITIONS = (
					"DEBUG=1",
					"$(inherited)",
				);
				GCC_WARN_64_TO_32_BIT_CONVERSION = YES;
				GCC_WARN_ABOUT_RETURN_TYPE = YES_ERROR;
				GCC_WARN_UNDECLARED_SELECTOR = YES;
				GCC_WARN_UNINITIALIZED_AUTOS = YES_AGGRESSIVE;
				GCC_WARN_UNUSED_FUNCTION = YES;
				GCC_WARN_UNUSED_VARIABLE = YES;
				IPHONEOS_DEPLOYMENT_TARGET = 13.2;
				MTL_ENABLE_DEBUG_INFO = INCLUDE_SOURCE;
				MTL_FAST_MATH = YES;
				ONLY_ACTIVE_ARCH = YES;
				SDKROOT = iphoneos;
				SWIFT_ACTIVE_COMPILATION_CONDITIONS = DEBUG;
				SWIFT_OPTIMIZATION_LEVEL = "-Onone";
			};
			name = Debug;
		};
		71E9E55B26EC075D00780B0A /* Release */ = {
			isa = XCBuildConfiguration;
			buildSettings = {
				ALWAYS_SEARCH_USER_PATHS = NO;
				CLANG_ANALYZER_NONNULL = YES;
				CLANG_ANALYZER_NUMBER_OBJECT_CONVERSION = YES_AGGRESSIVE;
				CLANG_CXX_LANGUAGE_STANDARD = "gnu++14";
				CLANG_CXX_LIBRARY = "libc++";
				CLANG_ENABLE_MODULES = YES;
				CLANG_ENABLE_OBJC_ARC = YES;
				CLANG_ENABLE_OBJC_WEAK = YES;
				CLANG_WARN_BLOCK_CAPTURE_AUTORELEASING = YES;
				CLANG_WARN_BOOL_CONVERSION = YES;
				CLANG_WARN_COMMA = YES;
				CLANG_WARN_CONSTANT_CONVERSION = YES;
				CLANG_WARN_DEPRECATED_OBJC_IMPLEMENTATIONS = YES;
				CLANG_WARN_DIRECT_OBJC_ISA_USAGE = YES_ERROR;
				CLANG_WARN_DOCUMENTATION_COMMENTS = YES;
				CLANG_WARN_EMPTY_BODY = YES;
				CLANG_WARN_ENUM_CONVERSION = YES;
				CLANG_WARN_INFINITE_RECURSION = YES;
				CLANG_WARN_INT_CONVERSION = YES;
				CLANG_WARN_NON_LITERAL_NULL_CONVERSION = YES;
				CLANG_WARN_OBJC_IMPLICIT_RETAIN_SELF = YES;
				CLANG_WARN_OBJC_LITERAL_CONVERSION = YES;
				CLANG_WARN_OBJC_ROOT_CLASS = YES_ERROR;
				CLANG_WARN_RANGE_LOOP_ANALYSIS = YES;
				CLANG_WARN_STRICT_PROTOTYPES = YES;
				CLANG_WARN_SUSPICIOUS_MOVE = YES;
				CLANG_WARN_UNGUARDED_AVAILABILITY = YES_AGGRESSIVE;
				CLANG_WARN_UNREACHABLE_CODE = YES;
				CLANG_WARN__DUPLICATE_METHOD_MATCH = YES;
				COPY_PHASE_STRIP = NO;
				DEBUG_INFORMATION_FORMAT = "dwarf-with-dsym";
				ENABLE_NS_ASSERTIONS = NO;
				ENABLE_STRICT_OBJC_MSGSEND = YES;
				GCC_C_LANGUAGE_STANDARD = gnu11;
				GCC_NO_COMMON_BLOCKS = YES;
				GCC_WARN_64_TO_32_BIT_CONVERSION = YES;
				GCC_WARN_ABOUT_RETURN_TYPE = YES_ERROR;
				GCC_WARN_UNDECLARED_SELECTOR = YES;
				GCC_WARN_UNINITIALIZED_AUTOS = YES_AGGRESSIVE;
				GCC_WARN_UNUSED_FUNCTION = YES;
				GCC_WARN_UNUSED_VARIABLE = YES;
				IPHONEOS_DEPLOYMENT_TARGET = 13.2;
				MTL_ENABLE_DEBUG_INFO = NO;
				MTL_FAST_MATH = YES;
				SDKROOT = iphoneos;
				SWIFT_COMPILATION_MODE = wholemodule;
				SWIFT_OPTIMIZATION_LEVEL = "-O";
				VALIDATE_PRODUCT = YES;
			};
			name = Release;
		};
		71E9E55D26EC075D00780B0A /* Debug */ = {
			isa = XCBuildConfiguration;
			baseConfigurationReference = C17F041A86A6EECE78CCEABD /* Pods-Codepath-Restaurants.debug.xcconfig */;
			buildSettings = {
				ASSETCATALOG_COMPILER_APPICON_NAME = AppIcon;
				CODE_SIGN_STYLE = Automatic;
				INFOPLIST_FILE = "Codepath-Restaurants/Info.plist";
				LD_RUNPATH_SEARCH_PATHS = (
					"$(inherited)",
					"@executable_path/Frameworks",
				);
				PRODUCT_BUNDLE_IDENTIFIER = "memo.com.Codepath-Restaurants";
				PRODUCT_NAME = "$(TARGET_NAME)";
				SWIFT_VERSION = 5.0;
				TARGETED_DEVICE_FAMILY = "1,2";
			};
			name = Debug;
		};
		71E9E55E26EC075D00780B0A /* Release */ = {
			isa = XCBuildConfiguration;
			baseConfigurationReference = F00AD6A24B5DCFD3F8EDF671 /* Pods-Codepath-Restaurants.release.xcconfig */;
			buildSettings = {
				ASSETCATALOG_COMPILER_APPICON_NAME = AppIcon;
				CODE_SIGN_STYLE = Automatic;
				INFOPLIST_FILE = "Codepath-Restaurants/Info.plist";
				LD_RUNPATH_SEARCH_PATHS = (
					"$(inherited)",
					"@executable_path/Frameworks",
				);
				PRODUCT_BUNDLE_IDENTIFIER = "memo.com.Codepath-Restaurants";
				PRODUCT_NAME = "$(TARGET_NAME)";
				SWIFT_VERSION = 5.0;
				TARGETED_DEVICE_FAMILY = "1,2";
			};
			name = Release;
		};
		71E9E56026EC075D00780B0A /* Debug */ = {
			isa = XCBuildConfiguration;
			baseConfigurationReference = A3C798019B6370CC99F83E7F /* Pods-Codepath-RestaurantsTests.debug.xcconfig */;
			buildSettings = {
				ALWAYS_EMBED_SWIFT_STANDARD_LIBRARIES = YES;
				BUNDLE_LOADER = "$(TEST_HOST)";
				CODE_SIGN_STYLE = Automatic;
				INFOPLIST_FILE = "Codepath-RestaurantsTests/Info.plist";
				IPHONEOS_DEPLOYMENT_TARGET = 13.2;
				LD_RUNPATH_SEARCH_PATHS = (
					"$(inherited)",
					"@executable_path/Frameworks",
					"@loader_path/Frameworks",
				);
				PRODUCT_BUNDLE_IDENTIFIER = "memo.com.Codepath-RestaurantsTests";
				PRODUCT_NAME = "$(TARGET_NAME)";
				SWIFT_VERSION = 5.0;
				TARGETED_DEVICE_FAMILY = "1,2";
				TEST_HOST = "$(BUILT_PRODUCTS_DIR)/Codepath-Restaurants.app/Codepath-Restaurants";
			};
			name = Debug;
		};
		71E9E56126EC075D00780B0A /* Release */ = {
			isa = XCBuildConfiguration;
			baseConfigurationReference = 1CDA74252EE4C30F80F84BCD /* Pods-Codepath-RestaurantsTests.release.xcconfig */;
			buildSettings = {
				ALWAYS_EMBED_SWIFT_STANDARD_LIBRARIES = YES;
				BUNDLE_LOADER = "$(TEST_HOST)";
				CODE_SIGN_STYLE = Automatic;
				INFOPLIST_FILE = "Codepath-RestaurantsTests/Info.plist";
				IPHONEOS_DEPLOYMENT_TARGET = 13.2;
				LD_RUNPATH_SEARCH_PATHS = (
					"$(inherited)",
					"@executable_path/Frameworks",
					"@loader_path/Frameworks",
				);
				PRODUCT_BUNDLE_IDENTIFIER = "memo.com.Codepath-RestaurantsTests";
				PRODUCT_NAME = "$(TARGET_NAME)";
				SWIFT_VERSION = 5.0;
				TARGETED_DEVICE_FAMILY = "1,2";
				TEST_HOST = "$(BUILT_PRODUCTS_DIR)/Codepath-Restaurants.app/Codepath-Restaurants";
			};
			name = Release;
		};
		71E9E56326EC075D00780B0A /* Debug */ = {
			isa = XCBuildConfiguration;
			baseConfigurationReference = E7284D33187149874E216E1A /* Pods-Codepath-Restaurants-Codepath-RestaurantsUITests.debug.xcconfig */;
			buildSettings = {
				ALWAYS_EMBED_SWIFT_STANDARD_LIBRARIES = YES;
				CODE_SIGN_STYLE = Automatic;
				INFOPLIST_FILE = "Codepath-RestaurantsUITests/Info.plist";
				LD_RUNPATH_SEARCH_PATHS = (
					"$(inherited)",
					"@executable_path/Frameworks",
					"@loader_path/Frameworks",
				);
				PRODUCT_BUNDLE_IDENTIFIER = "memo.com.Codepath-RestaurantsUITests";
				PRODUCT_NAME = "$(TARGET_NAME)";
				SWIFT_VERSION = 5.0;
				TARGETED_DEVICE_FAMILY = "1,2";
				TEST_TARGET_NAME = "Codepath-Restaurants";
			};
			name = Debug;
		};
		71E9E56426EC075D00780B0A /* Release */ = {
			isa = XCBuildConfiguration;
			baseConfigurationReference = E8B331ABA826F97043F4B147 /* Pods-Codepath-Restaurants-Codepath-RestaurantsUITests.release.xcconfig */;
			buildSettings = {
				ALWAYS_EMBED_SWIFT_STANDARD_LIBRARIES = YES;
				CODE_SIGN_STYLE = Automatic;
				INFOPLIST_FILE = "Codepath-RestaurantsUITests/Info.plist";
				LD_RUNPATH_SEARCH_PATHS = (
					"$(inherited)",
					"@executable_path/Frameworks",
					"@loader_path/Frameworks",
				);
				PRODUCT_BUNDLE_IDENTIFIER = "memo.com.Codepath-RestaurantsUITests";
				PRODUCT_NAME = "$(TARGET_NAME)";
				SWIFT_VERSION = 5.0;
				TARGETED_DEVICE_FAMILY = "1,2";
				TEST_TARGET_NAME = "Codepath-Restaurants";
			};
			name = Release;
		};
/* End XCBuildConfiguration section */

/* Begin XCConfigurationList section */
		71E9E52D26EC075900780B0A /* Build configuration list for PBXProject "Codepath-Restaurants" */ = {
			isa = XCConfigurationList;
			buildConfigurations = (
				71E9E55A26EC075D00780B0A /* Debug */,
				71E9E55B26EC075D00780B0A /* Release */,
			);
			defaultConfigurationIsVisible = 0;
			defaultConfigurationName = Release;
		};
		71E9E55C26EC075D00780B0A /* Build configuration list for PBXNativeTarget "Codepath-Restaurants" */ = {
			isa = XCConfigurationList;
			buildConfigurations = (
				71E9E55D26EC075D00780B0A /* Debug */,
				71E9E55E26EC075D00780B0A /* Release */,
			);
			defaultConfigurationIsVisible = 0;
			defaultConfigurationName = Release;
		};
		71E9E55F26EC075D00780B0A /* Build configuration list for PBXNativeTarget "Codepath-RestaurantsTests" */ = {
			isa = XCConfigurationList;
			buildConfigurations = (
				71E9E56026EC075D00780B0A /* Debug */,
				71E9E56126EC075D00780B0A /* Release */,
			);
			defaultConfigurationIsVisible = 0;
			defaultConfigurationName = Release;
		};
		71E9E56226EC075D00780B0A /* Build configuration list for PBXNativeTarget "Codepath-RestaurantsUITests" */ = {
			isa = XCConfigurationList;
			buildConfigurations = (
				71E9E56326EC075D00780B0A /* Debug */,
				71E9E56426EC075D00780B0A /* Release */,
			);
			defaultConfigurationIsVisible = 0;
			defaultConfigurationName = Release;
		};
/* End XCConfigurationList section */

/* Begin XCRemoteSwiftPackageReference section */
		71E9E56F26EC3F7200780B0A /* XCRemoteSwiftPackageReference "AlamofireImage" */ = {
			isa = XCRemoteSwiftPackageReference;
			repositoryURL = "https://github.com/Alamofire/AlamofireImage";
			requirement = {
				kind = upToNextMajorVersion;
				minimumVersion = 4.2.0;
			};
		};
/* End XCRemoteSwiftPackageReference section */

/* Begin XCSwiftPackageProductDependency section */
		71E9E57026EC3F7200780B0A /* AlamofireImage */ = {
			isa = XCSwiftPackageProductDependency;
			package = 71E9E56F26EC3F7200780B0A /* XCRemoteSwiftPackageReference "AlamofireImage" */;
			productName = AlamofireImage;
		};
/* End XCSwiftPackageProductDependency section */
	};
	rootObject = 71E9E52A26EC075900780B0A /* Project object */;
}
